{
  "version": "4",
  "specifiers": {
    "jsr:@std/assert@*": "1.0.11",
    "jsr:@std/assert@^1.0.10": "1.0.11",
    "jsr:@std/assert@^1.0.11": "1.0.11",
    "jsr:@std/expect@*": "1.0.13",
    "jsr:@std/fs@*": "1.0.9",
    "jsr:@std/internal@^1.0.5": "1.0.5",
    "jsr:@std/path@^1.0.8": "1.0.8",
    "jsr:@std/testing@*": "1.0.9",
    "jsr:@std/yaml@*": "1.0.5",
    "npm:@hono/node-server@1.14.0": "1.14.0_hono@4.7.5",
    "npm:@total-typescript/ts-reset@0.6.1": "0.6.1",
    "npm:esbuild@0.25.1": "0.25.1",
    "npm:eventsource-parser@3.0.1": "3.0.1",
    "npm:itty-router@5.0.18": "5.0.18"
  },
  "jsr": {
    "@std/assert@1.0.11": {
      "integrity": "2461ef3c368fe88bc60e186e7744a93112f16fd110022e113a0849e94d1c83c1",
      "dependencies": [
        "jsr:@std/internal"
      ]
    },
    "@std/expect@1.0.13": {
      "integrity": "d8e236c7089cd9fcf5e6032f27dadc3db6349d0aee48c15bc71d717bca5baa42",
      "dependencies": [
        "jsr:@std/assert@^1.0.11",
        "jsr:@std/internal"
      ]
    },
    "@std/fs@1.0.9": {
      "integrity": "3eef7e3ed3d317b29432c7dcb3b20122820dbc574263f721cb0248ad91bad890",
      "dependencies": [
        "jsr:@std/path"
      ]
    },
    "@std/internal@1.0.5": {
      "integrity": "54a546004f769c1ac9e025abd15a76b6671ddc9687e2313b67376125650dc7ba"
    },
    "@std/path@1.0.8": {
      "integrity": "548fa456bb6a04d3c1a1e7477986b6cffbce95102d0bb447c67c4ee70e0364be"
    },
    "@std/testing@1.0.9": {
      "integrity": "9bdd4ac07cb13e7594ac30e90f6ceef7254ac83a9aeaa089be0008f33aab5cd4",
      "dependencies": [
        "jsr:@std/assert@^1.0.10",
        "jsr:@std/internal"
      ]
    },
    "@std/yaml@1.0.5": {
      "integrity": "71ba3d334305ee2149391931508b2c293a8490f94a337eef3a09cade1a2a2742"
    }
  },
  "npm": {
    "@esbuild/aix-ppc64@0.25.1": {
      "integrity": "sha512-kfYGy8IdzTGy+z0vFGvExZtxkFlA4zAxgKEahG9KE1ScBjpQnFsNOX8KTU5ojNru5ed5CVoJYXFtoxaq5nFbjQ=="
    },
    "@esbuild/android-arm64@0.25.1": {
      "integrity": "sha512-50tM0zCJW5kGqgG7fQ7IHvQOcAn9TKiVRuQ/lN0xR+T2lzEFvAi1ZcS8DiksFcEpf1t/GYOeOfCAgDHFpkiSmA=="
    },
    "@esbuild/android-arm@0.25.1": {
      "integrity": "sha512-dp+MshLYux6j/JjdqVLnMglQlFu+MuVeNrmT5nk6q07wNhCdSnB7QZj+7G8VMUGh1q+vj2Bq8kRsuyA00I/k+Q=="
    },
    "@esbuild/android-x64@0.25.1": {
      "integrity": "sha512-GCj6WfUtNldqUzYkN/ITtlhwQqGWu9S45vUXs7EIYf+7rCiiqH9bCloatO9VhxsL0Pji+PF4Lz2XXCES+Q8hDw=="
    },
    "@esbuild/darwin-arm64@0.25.1": {
      "integrity": "sha512-5hEZKPf+nQjYoSr/elb62U19/l1mZDdqidGfmFutVUjjUZrOazAtwK+Kr+3y0C/oeJfLlxo9fXb1w7L+P7E4FQ=="
    },
    "@esbuild/darwin-x64@0.25.1": {
      "integrity": "sha512-hxVnwL2Dqs3fM1IWq8Iezh0cX7ZGdVhbTfnOy5uURtao5OIVCEyj9xIzemDi7sRvKsuSdtCAhMKarxqtlyVyfA=="
    },
    "@esbuild/freebsd-arm64@0.25.1": {
      "integrity": "sha512-1MrCZs0fZa2g8E+FUo2ipw6jw5qqQiH+tERoS5fAfKnRx6NXH31tXBKI3VpmLijLH6yriMZsxJtaXUyFt/8Y4A=="
    },
    "@esbuild/freebsd-x64@0.25.1": {
      "integrity": "sha512-0IZWLiTyz7nm0xuIs0q1Y3QWJC52R8aSXxe40VUxm6BB1RNmkODtW6LHvWRrGiICulcX7ZvyH6h5fqdLu4gkww=="
    },
    "@esbuild/linux-arm64@0.25.1": {
      "integrity": "sha512-jaN3dHi0/DDPelk0nLcXRm1q7DNJpjXy7yWaWvbfkPvI+7XNSc/lDOnCLN7gzsyzgu6qSAmgSvP9oXAhP973uQ=="
    },
    "@esbuild/linux-arm@0.25.1": {
      "integrity": "sha512-NdKOhS4u7JhDKw9G3cY6sWqFcnLITn6SqivVArbzIaf3cemShqfLGHYMx8Xlm/lBit3/5d7kXvriTUGa5YViuQ=="
    },
    "@esbuild/linux-ia32@0.25.1": {
      "integrity": "sha512-OJykPaF4v8JidKNGz8c/q1lBO44sQNUQtq1KktJXdBLn1hPod5rE/Hko5ugKKZd+D2+o1a9MFGUEIUwO2YfgkQ=="
    },
    "@esbuild/linux-loong64@0.25.1": {
      "integrity": "sha512-nGfornQj4dzcq5Vp835oM/o21UMlXzn79KobKlcs3Wz9smwiifknLy4xDCLUU0BWp7b/houtdrgUz7nOGnfIYg=="
    },
    "@esbuild/linux-mips64el@0.25.1": {
      "integrity": "sha512-1osBbPEFYwIE5IVB/0g2X6i1qInZa1aIoj1TdL4AaAb55xIIgbg8Doq6a5BzYWgr+tEcDzYH67XVnTmUzL+nXg=="
    },
    "@esbuild/linux-ppc64@0.25.1": {
      "integrity": "sha512-/6VBJOwUf3TdTvJZ82qF3tbLuWsscd7/1w+D9LH0W/SqUgM5/JJD0lrJ1fVIfZsqB6RFmLCe0Xz3fmZc3WtyVg=="
    },
    "@esbuild/linux-riscv64@0.25.1": {
      "integrity": "sha512-nSut/Mx5gnilhcq2yIMLMe3Wl4FK5wx/o0QuuCLMtmJn+WeWYoEGDN1ipcN72g1WHsnIbxGXd4i/MF0gTcuAjQ=="
    },
    "@esbuild/linux-s390x@0.25.1": {
      "integrity": "sha512-cEECeLlJNfT8kZHqLarDBQso9a27o2Zd2AQ8USAEoGtejOrCYHNtKP8XQhMDJMtthdF4GBmjR2au3x1udADQQQ=="
    },
    "@esbuild/linux-x64@0.25.1": {
      "integrity": "sha512-xbfUhu/gnvSEg+EGovRc+kjBAkrvtk38RlerAzQxvMzlB4fXpCFCeUAYzJvrnhFtdeyVCDANSjJvOvGYoeKzFA=="
    },
    "@esbuild/netbsd-arm64@0.25.1": {
      "integrity": "sha512-O96poM2XGhLtpTh+s4+nP7YCCAfb4tJNRVZHfIE7dgmax+yMP2WgMd2OecBuaATHKTHsLWHQeuaxMRnCsH8+5g=="
    },
    "@esbuild/netbsd-x64@0.25.1": {
      "integrity": "sha512-X53z6uXip6KFXBQ+Krbx25XHV/NCbzryM6ehOAeAil7X7oa4XIq+394PWGnwaSQ2WRA0KI6PUO6hTO5zeF5ijA=="
    },
    "@esbuild/openbsd-arm64@0.25.1": {
      "integrity": "sha512-Na9T3szbXezdzM/Kfs3GcRQNjHzM6GzFBeU1/6IV/npKP5ORtp9zbQjvkDJ47s6BCgaAZnnnu/cY1x342+MvZg=="
    },
    "@esbuild/openbsd-x64@0.25.1": {
      "integrity": "sha512-T3H78X2h1tszfRSf+txbt5aOp/e7TAz3ptVKu9Oyir3IAOFPGV6O9c2naym5TOriy1l0nNf6a4X5UXRZSGX/dw=="
    },
    "@esbuild/sunos-x64@0.25.1": {
      "integrity": "sha512-2H3RUvcmULO7dIE5EWJH8eubZAI4xw54H1ilJnRNZdeo8dTADEZ21w6J22XBkXqGJbe0+wnNJtw3UXRoLJnFEg=="
    },
    "@esbuild/win32-arm64@0.25.1": {
      "integrity": "sha512-GE7XvrdOzrb+yVKB9KsRMq+7a2U/K5Cf/8grVFRAGJmfADr/e/ODQ134RK2/eeHqYV5eQRFxb1hY7Nr15fv1NQ=="
    },
    "@esbuild/win32-ia32@0.25.1": {
      "integrity": "sha512-uOxSJCIcavSiT6UnBhBzE8wy3n0hOkJsBOzy7HDAuTDE++1DJMRRVCPGisULScHL+a/ZwdXPpXD3IyFKjA7K8A=="
    },
    "@esbuild/win32-x64@0.25.1": {
      "integrity": "sha512-Y1EQdcfwMSeQN/ujR5VayLOJ1BHaK+ssyk0AEzPjC+t1lITgsnccPqFjb6V+LsTp/9Iov4ysfjxLaGJ9RPtkVg=="
    },
    "@hono/node-server@1.14.0_hono@4.7.5": {
      "integrity": "sha512-YUCxJwgHRKSqjrdTk9e4VMGKN27MK5r4+MGPyZTgKH+IYbK+KtYbHeOcPGJ91KGGD6RIQiz2dAHxvjauNhOS8g==",
      "dependencies": [
        "hono"
      ]
    },
    "@total-typescript/ts-reset@0.6.1": {
      "integrity": "sha512-cka47fVSo6lfQDIATYqb/vO1nvFfbPw7uWLayIXIhGETj0wcOOlrlkobOMDNQOFr9QOafegUPq13V2+6vtD7yg=="
    },
    "esbuild@0.25.1": {
      "integrity": "sha512-BGO5LtrGC7vxnqucAe/rmvKdJllfGaYWdyABvyMoXQlfYMb2bbRuReWR5tEGE//4LcNJj9XrkovTqNYRFZHAMQ==",
      "dependencies": [
        "@esbuild/aix-ppc64",
        "@esbuild/android-arm",
        "@esbuild/android-arm64",
        "@esbuild/android-x64",
        "@esbuild/darwin-arm64",
        "@esbuild/darwin-x64",
        "@esbuild/freebsd-arm64",
        "@esbuild/freebsd-x64",
        "@esbuild/linux-arm",
        "@esbuild/linux-arm64",
        "@esbuild/linux-ia32",
        "@esbuild/linux-loong64",
        "@esbuild/linux-mips64el",
        "@esbuild/linux-ppc64",
        "@esbuild/linux-riscv64",
        "@esbuild/linux-s390x",
        "@esbuild/linux-x64",
        "@esbuild/netbsd-arm64",
        "@esbuild/netbsd-x64",
        "@esbuild/openbsd-arm64",
        "@esbuild/openbsd-x64",
        "@esbuild/sunos-x64",
        "@esbuild/win32-arm64",
        "@esbuild/win32-ia32",
        "@esbuild/win32-x64"
      ]
    },
    "eventsource-parser@3.0.1": {
      "integrity": "sha512-VARTJ9CYeuQYb0pZEPbzi740OWFgpHe7AYJ2WFZVnUDUQp5Dk2yJUgF36YsZ81cOyxT0QxmXD2EQpapAouzWVA=="
    },
    "hono@4.7.5": {
      "integrity": "sha512-fDOK5W2C1vZACsgLONigdZTRZxuBqFtcKh7bUQ5cVSbwI2RWjloJDcgFOVzbQrlI6pCmhlTsVYZ7zpLj4m4qMQ=="
    },
    "itty-router@5.0.18": {
      "integrity": "sha512-mK3ReOt4ARAGy0V0J7uHmArG2USN2x0zprZ+u+YgmeRjXTDbaowDy3kPcsmQY6tH+uHhDgpWit9Vqmv/4rTXwA=="
    }
  },
  "redirects": {
    "https://esm.sh/buffer-from@^1.0.0?target=denonext": "https://esm.sh/buffer-from@1.1.2?target=denonext",
    "https://esm.sh/openapi-format?bundle": "https://esm.sh/openapi-format@1.25.0?bundle",
    "https://esm.sh/source-map-support?target=denonext": "https://esm.sh/source-map-support@0.5.21?target=denonext",
    "https://esm.sh/source-map@^0.6.0?target=denonext": "https://esm.sh/source-map@0.6.1?target=denonext",
    "https://esm.sh/typescript@^5.x?target=denonext": "https://esm.sh/typescript@5.7.3?target=denonext"
  },
  "remote": {
    "https://esm.sh/buffer-from@1.1.2/denonext/buffer-from.mjs": "dafdfaf9205bdc33bcde4f4a22014fa78b325c07e25d3f0316c8a609076ec2ad",
    "https://esm.sh/buffer-from@1.1.2?target=denonext": "0333d3eb82fde733d4b26ae6558a3b7fca98fd7192fc2ffb1c0714522199e02e",
    "https://esm.sh/openapi-format@1.25.0/denonext/openapi-format.bundle.mjs": "15addc0b5a4142eb4197dc177f8d294ce7680de34940e38996ac4e5b7cb6a70e",
    "https://esm.sh/openapi-format@1.25.0?bundle": "434701331f33915c59194ac5ff5645f16e72cdb53bb10d93535d10914eae6f6b",
    "https://esm.sh/openapi-typescript@7.6.1/denonext/openapi-typescript.bundle.mjs": "9d8b10f9b72d18e5c7d394fbe09eeb695288996112fe2476cfc42b6e0775fb7c",
    "https://esm.sh/openapi-typescript@7.6.1?bundle": "2cc367e53f4d3a4928f2bda9df8d11a440430f7359714eb1f28a344024ae570c",
    "https://esm.sh/source-map-support@0.5.21/denonext/source-map-support.mjs": "07b16eadac43d9ab36c92c0860425b2e07844575fe7c3a19fa0e5c5118d38951",
    "https://esm.sh/source-map-support@0.5.21?target=denonext": "abc0f37c6b4b5704ca31e8f1d1679618692911fab29f65a472ae650db67c9307",
    "https://esm.sh/source-map@0.6.1/denonext/source-map.mjs": "ed3f2cf0c5f9561924c9b923ea8ffc24709ae31f1a90dd6c67be04c99598f626",
    "https://esm.sh/source-map@0.6.1?target=denonext": "3803db0ea481a551d1b0f98b57c3b32597fe2c03a5204fbec3aa58d1892f5fa0",
    "https://esm.sh/typescript@5.7.3/denonext/typescript.mjs": "fe6bea3d3c68c97024df7645fb35da2d13d161a0d4eaeeda52509976beb954bd",
    "https://esm.sh/typescript@5.7.3?target=denonext": "8d478dd0cfcb7bed6ddcf265f51f6f787c3fec634ba6567bba19f5bd1137b557"
  },
  "workspace": {
    "packageJson": {
      "dependencies": [
        "npm:@hono/node-server@1.14.0",
        "npm:@total-typescript/ts-reset@0.6.1",
        "npm:esbuild@0.25.1",
        "npm:eventsource-parser@3.0.1",
        "npm:itty-router@5.0.18"
      ]
    }
  }
}
